
Microsoft Visual Studio Solution File, Format Version 10.00
# Visual Studio 2008
Project("{FAE04EC0-301F-11D3-BF4B-00C04F79EFBC}") = "Com.Hertkorn.Framework.SimpleWorkflow", "SimpleWorkflow\Com.Hertkorn.Framework.SimpleWorkflow.csproj", "{9AD5ADED-6629-46DE-8375-D299543DF6BF}"
EndProject
Project("{FAE04EC0-301F-11D3-BF4B-00C04F79EFBC}") = "Com.Hertkorn.Framework.SimpleWorkflow.Test", "SimpleWorkflow.Test\Com.Hertkorn.Framework.SimpleWorkflow.Test.csproj", "{8B9729B6-1ABA-40D6-85FD-85D583085AC9}"
EndProject
Global
	GlobalSection(SolutionConfigurationPlatforms) = preSolution
		Debug|Any CPU = Debug|Any CPU
		Release|Any CPU = Release|Any CPU
	EndGlobalSection
	GlobalSection(ProjectConfigurationPlatforms) = postSolution
		{9AD5ADED-6629-46DE-8375-D299543DF6BF}.Debug|Any CPU.ActiveCfg = Debug|Any CPU
		{9AD5ADED-6629-46DE-8375-D299543DF6BF}.Debug|Any CPU.Build.0 = Debug|Any CPU
		{9AD5ADED-6629-46DE-8375-D299543DF6BF}.Release|Any CPU.ActiveCfg = Release|Any CPU
		{9AD5ADED-6629-46DE-8375-D299543DF6BF}.Release|Any CPU.Build.0 = Release|Any CPU
		{8B9729B6-1ABA-40D6-85FD-85D583085AC9}.Debug|Any CPU.ActiveCfg = Debug|Any CPU
		{8B9729B6-1ABA-40D6-85FD-85D583085AC9}.Debug|Any CPU.Build.0 = Debug|Any CPU
		{8B9729B6-1ABA-40D6-85FD-85D583085AC9}.Release|Any CPU.ActiveCfg = Release|Any CPU
		{8B9729B6-1ABA-40D6-85FD-85D583085AC9}.Release|Any CPU.Build.0 = Release|Any CPU
	EndGlobalSection
	GlobalSection(SolutionProperties) = preSolution
		HideSolutionNode = FALSE
	EndGlobalSection
EndGlobal
