
Microsoft Visual Studio Solution File, Format Version 10.00
# Visual Studio 2008
Project("{FAE04EC0-301F-11D3-BF4B-00C04F79EFBC}") = "Com.Hertkorn.WakeOnLan.Www", "Com.Hertkorn.WakeOnLan.Www\Com.Hertkorn.WakeOnLan.Www.csproj", "{305BA5ED-2221-4D19-89C2-C9C48A3032AB}"
EndProject
Project("{FAE04EC0-301F-11D3-BF4B-00C04F79EFBC}") = "Com.Hertkorn.WakeOnLan", "Com.Hertkorn.WakeOnLan\Com.Hertkorn.WakeOnLan.csproj", "{181FF8B5-8ADF-477E-9812-72B8B29B7729}"
EndProject
Project("{FAE04EC0-301F-11D3-BF4B-00C04F79EFBC}") = "Com.Hertkorn.ArpReverseLookup", "Com.Hertkorn.ArpReverseLookup\Com.Hertkorn.ArpReverseLookup.csproj", "{BC18FC8D-6E6B-44BA-9245-7B317BA29512}"
EndProject
Global
	GlobalSection(SolutionConfigurationPlatforms) = preSolution
		Debug|Any CPU = Debug|Any CPU
		Release|Any CPU = Release|Any CPU
	EndGlobalSection
	GlobalSection(ProjectConfigurationPlatforms) = postSolution
		{305BA5ED-2221-4D19-89C2-C9C48A3032AB}.Debug|Any CPU.ActiveCfg = Debug|Any CPU
		{305BA5ED-2221-4D19-89C2-C9C48A3032AB}.Debug|Any CPU.Build.0 = Debug|Any CPU
		{305BA5ED-2221-4D19-89C2-C9C48A3032AB}.Release|Any CPU.ActiveCfg = Release|Any CPU
		{305BA5ED-2221-4D19-89C2-C9C48A3032AB}.Release|Any CPU.Build.0 = Release|Any CPU
		{181FF8B5-8ADF-477E-9812-72B8B29B7729}.Debug|Any CPU.ActiveCfg = Debug|Any CPU
		{181FF8B5-8ADF-477E-9812-72B8B29B7729}.Debug|Any CPU.Build.0 = Debug|Any CPU
		{181FF8B5-8ADF-477E-9812-72B8B29B7729}.Release|Any CPU.ActiveCfg = Release|Any CPU
		{181FF8B5-8ADF-477E-9812-72B8B29B7729}.Release|Any CPU.Build.0 = Release|Any CPU
		{BC18FC8D-6E6B-44BA-9245-7B317BA29512}.Debug|Any CPU.ActiveCfg = Debug|Any CPU
		{BC18FC8D-6E6B-44BA-9245-7B317BA29512}.Debug|Any CPU.Build.0 = Debug|Any CPU
		{BC18FC8D-6E6B-44BA-9245-7B317BA29512}.Release|Any CPU.ActiveCfg = Release|Any CPU
		{BC18FC8D-6E6B-44BA-9245-7B317BA29512}.Release|Any CPU.Build.0 = Release|Any CPU
	EndGlobalSection
	GlobalSection(SolutionProperties) = preSolution
		HideSolutionNode = FALSE
	EndGlobalSection
EndGlobal
