
Microsoft Visual Studio Solution File, Format Version 10.00
# Visual Studio 2008
Project("{FAE04EC0-301F-11D3-BF4B-00C04F79EFBC}") = "Com.Hertkorn.Framework.SourceCodeManagement", "Com.Hertkorn.Framework.SourceCodeManagement\Com.Hertkorn.Framework.SourceCodeManagement.csproj", "{0DB4322A-672B-4F44-AA4E-14D7EA38F5B2}"
EndProject
Project("{FAE04EC0-301F-11D3-BF4B-00C04F79EFBC}") = "Com.Hertkorn.Framework.SourceCodeManagement.Test", "Com.Hertkorn.Framework.SourceCodeManagement.Test\Com.Hertkorn.Framework.SourceCodeManagement.Test.csproj", "{950EFD46-88B8-401E-B4CD-5C952C440B86}"
EndProject
Project("{2150E333-8FDC-42A3-9474-1A3956D46DE8}") = "Solution Items", "Solution Items", "{526B17CD-6BBC-4DF3-AD6F-EBA5D36A4022}"
	ProjectSection(SolutionItems) = preProject
		Com.Hertkorn.Framework.SourceCodeManagement.vsmdi = Com.Hertkorn.Framework.SourceCodeManagement.vsmdi
		LocalTestRun.testrunconfig = LocalTestRun.testrunconfig
	EndProjectSection
EndProject
Project("{FAE04EC0-301F-11D3-BF4B-00C04F79EFBC}") = "NDepend.Helpers.FileDirectoryPath", "..\..\externalSources\NDepend.Helpers.FileDirectoryPath.1.0\NDepend.Helpers.FileDirectoryPath\NDepend.Helpers.FileDirectoryPath.csproj", "{680342E7-0F89-473C-A4C4-C67B7DB0EA40}"
EndProject
Global
	GlobalSection(TestCaseManagementSettings) = postSolution
		CategoryFile = Com.Hertkorn.Framework.SourceCodeManagement.vsmdi
	EndGlobalSection
	GlobalSection(SolutionConfigurationPlatforms) = preSolution
		Debug|Any CPU = Debug|Any CPU
		Release|Any CPU = Release|Any CPU
	EndGlobalSection
	GlobalSection(ProjectConfigurationPlatforms) = postSolution
		{0DB4322A-672B-4F44-AA4E-14D7EA38F5B2}.Debug|Any CPU.ActiveCfg = Debug|Any CPU
		{0DB4322A-672B-4F44-AA4E-14D7EA38F5B2}.Debug|Any CPU.Build.0 = Debug|Any CPU
		{0DB4322A-672B-4F44-AA4E-14D7EA38F5B2}.Release|Any CPU.ActiveCfg = Release|Any CPU
		{0DB4322A-672B-4F44-AA4E-14D7EA38F5B2}.Release|Any CPU.Build.0 = Release|Any CPU
		{950EFD46-88B8-401E-B4CD-5C952C440B86}.Debug|Any CPU.ActiveCfg = Debug|Any CPU
		{950EFD46-88B8-401E-B4CD-5C952C440B86}.Debug|Any CPU.Build.0 = Debug|Any CPU
		{950EFD46-88B8-401E-B4CD-5C952C440B86}.Release|Any CPU.ActiveCfg = Release|Any CPU
		{950EFD46-88B8-401E-B4CD-5C952C440B86}.Release|Any CPU.Build.0 = Release|Any CPU
		{680342E7-0F89-473C-A4C4-C67B7DB0EA40}.Debug|Any CPU.ActiveCfg = Debug|Any CPU
		{680342E7-0F89-473C-A4C4-C67B7DB0EA40}.Debug|Any CPU.Build.0 = Debug|Any CPU
		{680342E7-0F89-473C-A4C4-C67B7DB0EA40}.Release|Any CPU.ActiveCfg = Release|Any CPU
		{680342E7-0F89-473C-A4C4-C67B7DB0EA40}.Release|Any CPU.Build.0 = Release|Any CPU
	EndGlobalSection
	GlobalSection(SolutionProperties) = preSolution
		HideSolutionNode = FALSE
	EndGlobalSection
EndGlobal
