
Microsoft Visual Studio Solution File, Format Version 10.00
# Visual Studio 2008
Project("{FAE04EC0-301F-11D3-BF4B-00C04F79EFBC}") = "RepositoryTest", "RepositoryTest\RepositoryTest.csproj", "{F2D89C92-9287-46DB-BAE7-E82157B8D0AD}"
EndProject
Project("{FAE04EC0-301F-11D3-BF4B-00C04F79EFBC}") = "RepositoryTest.Test", "RepositoryTest.Test\RepositoryTest.Test.csproj", "{8BF3159F-7E7C-4C31-87BB-A7718CD617B7}"
EndProject
Global
	GlobalSection(SolutionConfigurationPlatforms) = preSolution
		Debug|Any CPU = Debug|Any CPU
		Release|Any CPU = Release|Any CPU
	EndGlobalSection
	GlobalSection(ProjectConfigurationPlatforms) = postSolution
		{F2D89C92-9287-46DB-BAE7-E82157B8D0AD}.Debug|Any CPU.ActiveCfg = Debug|Any CPU
		{F2D89C92-9287-46DB-BAE7-E82157B8D0AD}.Debug|Any CPU.Build.0 = Debug|Any CPU
		{F2D89C92-9287-46DB-BAE7-E82157B8D0AD}.Release|Any CPU.ActiveCfg = Release|Any CPU
		{F2D89C92-9287-46DB-BAE7-E82157B8D0AD}.Release|Any CPU.Build.0 = Release|Any CPU
		{8BF3159F-7E7C-4C31-87BB-A7718CD617B7}.Debug|Any CPU.ActiveCfg = Debug|Any CPU
		{8BF3159F-7E7C-4C31-87BB-A7718CD617B7}.Debug|Any CPU.Build.0 = Debug|Any CPU
		{8BF3159F-7E7C-4C31-87BB-A7718CD617B7}.Release|Any CPU.ActiveCfg = Release|Any CPU
		{8BF3159F-7E7C-4C31-87BB-A7718CD617B7}.Release|Any CPU.Build.0 = Release|Any CPU
	EndGlobalSection
	GlobalSection(SolutionProperties) = preSolution
		HideSolutionNode = FALSE
	EndGlobalSection
EndGlobal
