
Microsoft Visual Studio Solution File, Format Version 10.00
# Visual Studio 2008
Project("{FAE04EC0-301F-11D3-BF4B-00C04F79EFBC}") = "PerformanceTest.IEnumerableCast", "PerformanceTest.IEnumerableCast\PerformanceTest.IEnumerableCast.csproj", "{D029D86F-6B38-496A-A4EC-F4C9C2CAF2D7}"
EndProject
Global
	GlobalSection(SolutionConfigurationPlatforms) = preSolution
		Debug|Any CPU = Debug|Any CPU
		Release|Any CPU = Release|Any CPU
	EndGlobalSection
	GlobalSection(ProjectConfigurationPlatforms) = postSolution
		{D029D86F-6B38-496A-A4EC-F4C9C2CAF2D7}.Debug|Any CPU.ActiveCfg = Debug|Any CPU
		{D029D86F-6B38-496A-A4EC-F4C9C2CAF2D7}.Debug|Any CPU.Build.0 = Debug|Any CPU
		{D029D86F-6B38-496A-A4EC-F4C9C2CAF2D7}.Release|Any CPU.ActiveCfg = Release|Any CPU
		{D029D86F-6B38-496A-A4EC-F4C9C2CAF2D7}.Release|Any CPU.Build.0 = Release|Any CPU
	EndGlobalSection
	GlobalSection(SolutionProperties) = preSolution
		HideSolutionNode = FALSE
	EndGlobalSection
EndGlobal
