
Microsoft Visual Studio Solution File, Format Version 10.00
# Visual Studio 2008
Project("{FAE04EC0-301F-11D3-BF4B-00C04F79EFBC}") = "Com.Hertkorn.DevelopmentTreeAnalyzer", "Com.Hertkorn.DevelopmentTreeAnalyzer\Com.Hertkorn.DevelopmentTreeAnalyzer.csproj", "{4C44CDED-92AB-4DDC-9D4A-389B3986F9CF}"
EndProject
Project("{FAE04EC0-301F-11D3-BF4B-00C04F79EFBC}") = "Com.Hertkorn.Framework.SourceCodeManagement", "..\Com.Hertkorn.Framework.SourceCodeManagement\Com.Hertkorn.Framework.SourceCodeManagement\Com.Hertkorn.Framework.SourceCodeManagement.csproj", "{0DB4322A-672B-4F44-AA4E-14D7EA38F5B2}"
EndProject
Global
	GlobalSection(SolutionConfigurationPlatforms) = preSolution
		Debug|Any CPU = Debug|Any CPU
		Release|Any CPU = Release|Any CPU
	EndGlobalSection
	GlobalSection(ProjectConfigurationPlatforms) = postSolution
		{4C44CDED-92AB-4DDC-9D4A-389B3986F9CF}.Debug|Any CPU.ActiveCfg = Debug|Any CPU
		{4C44CDED-92AB-4DDC-9D4A-389B3986F9CF}.Debug|Any CPU.Build.0 = Debug|Any CPU
		{4C44CDED-92AB-4DDC-9D4A-389B3986F9CF}.Release|Any CPU.ActiveCfg = Release|Any CPU
		{4C44CDED-92AB-4DDC-9D4A-389B3986F9CF}.Release|Any CPU.Build.0 = Release|Any CPU
		{0DB4322A-672B-4F44-AA4E-14D7EA38F5B2}.Debug|Any CPU.ActiveCfg = Debug|Any CPU
		{0DB4322A-672B-4F44-AA4E-14D7EA38F5B2}.Debug|Any CPU.Build.0 = Debug|Any CPU
		{0DB4322A-672B-4F44-AA4E-14D7EA38F5B2}.Release|Any CPU.ActiveCfg = Release|Any CPU
		{0DB4322A-672B-4F44-AA4E-14D7EA38F5B2}.Release|Any CPU.Build.0 = Release|Any CPU
	EndGlobalSection
	GlobalSection(SolutionProperties) = preSolution
		HideSolutionNode = FALSE
	EndGlobalSection
EndGlobal
