
Microsoft Visual Studio Solution File, Format Version 10.00
# Visual Studio 2008
Project("{FAE04EC0-301F-11D3-BF4B-00C04F79EFBC}") = "Blog.FutureOfLinq", "Blog.FutureOfLinq\Blog.FutureOfLinq.csproj", "{22F6B406-0AE6-4382-B104-9CE8079A30EE}"
EndProject
Global
	GlobalSection(SolutionConfigurationPlatforms) = preSolution
		Debug|Any CPU = Debug|Any CPU
		Release|Any CPU = Release|Any CPU
	EndGlobalSection
	GlobalSection(ProjectConfigurationPlatforms) = postSolution
		{22F6B406-0AE6-4382-B104-9CE8079A30EE}.Debug|Any CPU.ActiveCfg = Debug|Any CPU
		{22F6B406-0AE6-4382-B104-9CE8079A30EE}.Debug|Any CPU.Build.0 = Debug|Any CPU
		{22F6B406-0AE6-4382-B104-9CE8079A30EE}.Release|Any CPU.ActiveCfg = Release|Any CPU
		{22F6B406-0AE6-4382-B104-9CE8079A30EE}.Release|Any CPU.Build.0 = Release|Any CPU
	EndGlobalSection
	GlobalSection(SolutionProperties) = preSolution
		HideSolutionNode = FALSE
	EndGlobalSection
EndGlobal
