
Microsoft Visual Studio Solution File, Format Version 10.00
# Visual Studio 2008
Project("{FAE04EC0-301F-11D3-BF4B-00C04F79EFBC}") = "Com.Hertkorn.FilterByExample", "Com.Hertkorn.FilterByExample\Com.Hertkorn.FilterByExample.csproj", "{242DCCAF-6370-4059-A901-552EDD78F66E}"
EndProject
Project("{FAE04EC0-301F-11D3-BF4B-00C04F79EFBC}") = "Com.Hertkorn.Framework.FilterByExample", "..\Com.Hertkorn.Framework.FilterByExample\Com.Hertkorn.Framework.FilterByExample\Com.Hertkorn.Framework.FilterByExample.csproj", "{C128ADF3-B0D6-4EE6-B770-8BB2E69C106E}"
EndProject
Global
	GlobalSection(SolutionConfigurationPlatforms) = preSolution
		Debug|Any CPU = Debug|Any CPU
		Release|Any CPU = Release|Any CPU
	EndGlobalSection
	GlobalSection(ProjectConfigurationPlatforms) = postSolution
		{242DCCAF-6370-4059-A901-552EDD78F66E}.Debug|Any CPU.ActiveCfg = Debug|Any CPU
		{242DCCAF-6370-4059-A901-552EDD78F66E}.Debug|Any CPU.Build.0 = Debug|Any CPU
		{242DCCAF-6370-4059-A901-552EDD78F66E}.Release|Any CPU.ActiveCfg = Release|Any CPU
		{242DCCAF-6370-4059-A901-552EDD78F66E}.Release|Any CPU.Build.0 = Release|Any CPU
		{C128ADF3-B0D6-4EE6-B770-8BB2E69C106E}.Debug|Any CPU.ActiveCfg = Debug|Any CPU
		{C128ADF3-B0D6-4EE6-B770-8BB2E69C106E}.Debug|Any CPU.Build.0 = Debug|Any CPU
		{C128ADF3-B0D6-4EE6-B770-8BB2E69C106E}.Release|Any CPU.ActiveCfg = Release|Any CPU
		{C128ADF3-B0D6-4EE6-B770-8BB2E69C106E}.Release|Any CPU.Build.0 = Release|Any CPU
	EndGlobalSection
	GlobalSection(SolutionProperties) = preSolution
		HideSolutionNode = FALSE
	EndGlobalSection
EndGlobal
