
Microsoft Visual Studio Solution File, Format Version 10.00
# Visual Studio 2008
Project("{FAE04EC0-301F-11D3-BF4B-00C04F79EFBC}") = "Com.Hertkorn.Framework.FilterByExample", "Com.Hertkorn.Framework.FilterByExample\Com.Hertkorn.Framework.FilterByExample.csproj", "{C128ADF3-B0D6-4EE6-B770-8BB2E69C106E}"
EndProject
Project("{FAE04EC0-301F-11D3-BF4B-00C04F79EFBC}") = "Com.Hertkorn.Framework.FilterByExample.Test", "Com.Hertkorn.Framework.FilterByExample.Test\Com.Hertkorn.Framework.FilterByExample.Test.csproj", "{42043084-E389-4E08-A669-F0465A5CCE48}"
EndProject
Project("{FAE04EC0-301F-11D3-BF4B-00C04F79EFBC}") = "Com.Hertkorn.Framework.FilterByExample.PerformanceTest", "Com.Hertkorn.Framework.FilterByExample.PerformanceTest\Com.Hertkorn.Framework.FilterByExample.PerformanceTest.csproj", "{33D2279E-B5C8-4657-A4BA-7D4F94B21F62}"
EndProject
Global
	GlobalSection(SolutionConfigurationPlatforms) = preSolution
		Debug|Any CPU = Debug|Any CPU
		Release|Any CPU = Release|Any CPU
	EndGlobalSection
	GlobalSection(ProjectConfigurationPlatforms) = postSolution
		{C128ADF3-B0D6-4EE6-B770-8BB2E69C106E}.Debug|Any CPU.ActiveCfg = Debug|Any CPU
		{C128ADF3-B0D6-4EE6-B770-8BB2E69C106E}.Debug|Any CPU.Build.0 = Debug|Any CPU
		{C128ADF3-B0D6-4EE6-B770-8BB2E69C106E}.Release|Any CPU.ActiveCfg = Release|Any CPU
		{C128ADF3-B0D6-4EE6-B770-8BB2E69C106E}.Release|Any CPU.Build.0 = Release|Any CPU
		{42043084-E389-4E08-A669-F0465A5CCE48}.Debug|Any CPU.ActiveCfg = Debug|Any CPU
		{42043084-E389-4E08-A669-F0465A5CCE48}.Debug|Any CPU.Build.0 = Debug|Any CPU
		{42043084-E389-4E08-A669-F0465A5CCE48}.Release|Any CPU.ActiveCfg = Release|Any CPU
		{42043084-E389-4E08-A669-F0465A5CCE48}.Release|Any CPU.Build.0 = Release|Any CPU
		{33D2279E-B5C8-4657-A4BA-7D4F94B21F62}.Debug|Any CPU.ActiveCfg = Debug|Any CPU
		{33D2279E-B5C8-4657-A4BA-7D4F94B21F62}.Debug|Any CPU.Build.0 = Debug|Any CPU
		{33D2279E-B5C8-4657-A4BA-7D4F94B21F62}.Release|Any CPU.ActiveCfg = Release|Any CPU
		{33D2279E-B5C8-4657-A4BA-7D4F94B21F62}.Release|Any CPU.Build.0 = Release|Any CPU
	EndGlobalSection
	GlobalSection(SolutionProperties) = preSolution
		HideSolutionNode = FALSE
	EndGlobalSection
EndGlobal
